# THIS IS AN AUTOGENERATED FILE. DO NOT EDIT THIS FILE DIRECTLY.
# yarn lockfile v1


vuepress-plugin-clean-urls@^1.1.2:
  version "1.1.2"
  resolved "https://registry.yarnpkg.com/vuepress-plugin-clean-urls/-/vuepress-plugin-clean-urls-1.1.2.tgz#40e3ef16a029dca71b23eb0523957a2abec9dc8d"
  integrity sha512-36r6XT9stybGSL9zHfFM6F+EBOF9rRDzGdNeias3AmU3AH5+DqsciMjRpHfecKXDKeVcc0PlNfG1Tf19CW5MzA==
